// !$*UTF8*$!
{
	archiveVersion = 1;
	classes = {
	};
	objectVersion = 56;
	objects = {

/* Begin PBXBuildFile section */
		616E2AB62CC0565000D60D98 /* ModificarMeta.swift in Sources */ = {isa = PBXBuildFile; fileRef = 616E2AB52CC0565000D60D98 /* ModificarMeta.swift */; };
		616E2AB82CC0569000D60D98 /* Notifications.swift in Sources */ = {isa = PBXBuildFile; fileRef = 616E2AB72CC0569000D60D98 /* Notifications.swift */; };
		617537282CB83B76008E5314 /* FinFamilyApp.swift in Sources */ = {isa = PBXBuildFile; fileRef = 617537272CB83B76008E5314 /* FinFamilyApp.swift */; };
		6175372A2CB83B76008E5314 /* ContentView.swift in Sources */ = {isa = PBXBuildFile; fileRef = 617537292CB83B76008E5314 /* ContentView.swift */; };
		6175372C2CB83B77008E5314 /* Assets.xcassets in Resources */ = {isa = PBXBuildFile; fileRef = 6175372B2CB83B77008E5314 /* Assets.xcassets */; };
		6175372F2CB83B77008E5314 /* Preview Assets.xcassets in Resources */ = {isa = PBXBuildFile; fileRef = 6175372E2CB83B77008E5314 /* Preview Assets.xcassets */; };
		6175373E2CB84458008E5314 /* Tab.swift in Sources */ = {isa = PBXBuildFile; fileRef = 6175373D2CB84458008E5314 /* Tab.swift */; };
		617537422CB844A4008E5314 /* Individual.swift in Sources */ = {isa = PBXBuildFile; fileRef = 617537412CB844A3008E5314 /* Individual.swift */; };
		617537442CB844D5008E5314 /* Membros.swift in Sources */ = {isa = PBXBuildFile; fileRef = 617537432CB844D5008E5314 /* Membros.swift */; };
		617537482CB84525008E5314 /* Familia.swift in Sources */ = {isa = PBXBuildFile; fileRef = 617537472CB84525008E5314 /* Familia.swift */; };
		6175374A2CB84541008E5314 /* Ajustes.swift in Sources */ = {isa = PBXBuildFile; fileRef = 617537492CB84541008E5314 /* Ajustes.swift */; };
		617537502CB85113008E5314 /* Detalhes.swift in Sources */ = {isa = PBXBuildFile; fileRef = 6175374F2CB85113008E5314 /* Detalhes.swift */; };
		86B9B5F82CB993EB0048D051 /* Dados.swift in Sources */ = {isa = PBXBuildFile; fileRef = 86B9B5F72CB993EB0048D051 /* Dados.swift */; };
		86B9B5FE2CC03BA50048D051 /* Resumo.swift in Sources */ = {isa = PBXBuildFile; fileRef = 86B9B5FD2CC03BA50048D051 /* Resumo.swift */; };
		C3074F3F2CBEEE86008B1971 /* Adicionar.swift in Sources */ = {isa = PBXBuildFile; fileRef = C3074F3E2CBEEE86008B1971 /* Adicionar.swift */; };
		C3074F412CBEF079008B1971 /* ViewModel.swift in Sources */ = {isa = PBXBuildFile; fileRef = C3074F402CBEF079008B1971 /* ViewModel.swift */; };
/* End PBXBuildFile section */

/* Begin PBXFileReference section */
		616E2AB52CC0565000D60D98 /* ModificarMeta.swift */ = {isa = PBXFileReference; lastKnownFileType = sourcecode.swift; path = ModificarMeta.swift; sourceTree = "<group>"; };
		616E2AB72CC0569000D60D98 /* Notifications.swift */ = {isa = PBXFileReference; lastKnownFileType = sourcecode.swift; path = Notifications.swift; sourceTree = "<group>"; };
		617537242CB83B76008E5314 /* FinFamily.app */ = {isa = PBXFileReference; explicitFileType = wrapper.application; includeInIndex = 0; path = FinFamily.app; sourceTree = BUILT_PRODUCTS_DIR; };
		617537272CB83B76008E5314 /* FinFamilyApp.swift */ = {isa = PBXFileReference; lastKnownFileType = sourcecode.swift; path = FinFamilyApp.swift; sourceTree = "<group>"; };
		617537292CB83B76008E5314 /* ContentView.swift */ = {isa = PBXFileReference; lastKnownFileType = sourcecode.swift; path = ContentView.swift; sourceTree = "<group>"; };
		6175372B2CB83B77008E5314 /* Assets.xcassets */ = {isa = PBXFileReference; lastKnownFileType = folder.assetcatalog; path = Assets.xcassets; sourceTree = "<group>"; };
		6175372E2CB83B77008E5314 /* Preview Assets.xcassets */ = {isa = PBXFileReference; lastKnownFileType = folder.assetcatalog; path = "Preview Assets.xcassets"; sourceTree = "<group>"; };
		6175373D2CB84458008E5314 /* Tab.swift */ = {isa = PBXFileReference; lastKnownFileType = sourcecode.swift; path = Tab.swift; sourceTree = "<group>"; };
		617537412CB844A3008E5314 /* Individual.swift */ = {isa = PBXFileReference; lastKnownFileType = sourcecode.swift; path = Individual.swift; sourceTree = "<group>"; };
		617537432CB844D5008E5314 /* Membros.swift */ = {isa = PBXFileReference; lastKnownFileType = sourcecode.swift; path = Membros.swift; sourceTree = "<group>"; };
		617537472CB84525008E5314 /* Familia.swift */ = {isa = PBXFileReference; lastKnownFileType = sourcecode.swift; path = Familia.swift; sourceTree = "<group>"; };
		617537492CB84541008E5314 /* Ajustes.swift */ = {isa = PBXFileReference; lastKnownFileType = sourcecode.swift; path = Ajustes.swift; sourceTree = "<group>"; };
		6175374F2CB85113008E5314 /* Detalhes.swift */ = {isa = PBXFileReference; lastKnownFileType = sourcecode.swift; path = Detalhes.swift; sourceTree = "<group>"; };
		86B9B5F72CB993EB0048D051 /* Dados.swift */ = {isa = PBXFileReference; lastKnownFileType = sourcecode.swift; path = Dados.swift; sourceTree = "<group>"; };
		86B9B5FD2CC03BA50048D051 /* Resumo.swift */ = {isa = PBXFileReference; lastKnownFileType = sourcecode.swift; path = Resumo.swift; sourceTree = "<group>"; };
		C3074F3E2CBEEE86008B1971 /* Adicionar.swift */ = {isa = PBXFileReference; lastKnownFileType = sourcecode.swift; path = Adicionar.swift; sourceTree = "<group>"; };
		C3074F402CBEF079008B1971 /* ViewModel.swift */ = {isa = PBXFileReference; lastKnownFileType = sourcecode.swift; path = ViewModel.swift; sourceTree = "<group>"; };
/* End PBXFileReference section */

/* Begin PBXFrameworksBuildPhase section */
		617537212CB83B76008E5314 /* Frameworks */ = {
			isa = PBXFrameworksBuildPhase;
			buildActionMask = 2147483647;
			files = (
			);
			runOnlyForDeploymentPostprocessing = 0;
		};
/* End PBXFrameworksBuildPhase section */

/* Begin PBXGroup section */
		6175371B2CB83B76008E5314 = {
			isa = PBXGroup;
			children = (
				86B9B5F72CB993EB0048D051 /* Dados.swift */,
				617537262CB83B76008E5314 /* FinFamily */,
				617537252CB83B76008E5314 /* Products */,
			);
			sourceTree = "<group>";
		};
		617537252CB83B76008E5314 /* Products */ = {
			isa = PBXGroup;
			children = (
				617537242CB83B76008E5314 /* FinFamily.app */,
			);
			name = Products;
			sourceTree = "<group>";
		};
		617537262CB83B76008E5314 /* FinFamily */ = {
			isa = PBXGroup;
			children = (
				617537272CB83B76008E5314 /* FinFamilyApp.swift */,
				617537292CB83B76008E5314 /* ContentView.swift */,
				6175372B2CB83B77008E5314 /* Assets.xcassets */,
				6175372D2CB83B77008E5314 /* Preview Content */,
				6175373D2CB84458008E5314 /* Tab.swift */,
				617537412CB844A3008E5314 /* Individual.swift */,
				617537432CB844D5008E5314 /* Membros.swift */,
				617537472CB84525008E5314 /* Familia.swift */,
				617537492CB84541008E5314 /* Ajustes.swift */,
				6175374F2CB85113008E5314 /* Detalhes.swift */,
				C3074F3E2CBEEE86008B1971 /* Adicionar.swift */,
				C3074F402CBEF079008B1971 /* ViewModel.swift */,
				86B9B5FD2CC03BA50048D051 /* Resumo.swift */,
				616E2AB52CC0565000D60D98 /* ModificarMeta.swift */,
				616E2AB72CC0569000D60D98 /* Notifications.swift */,
			);
			path = FinFamily;
			sourceTree = "<group>";
		};
		6175372D2CB83B77008E5314 /* Preview Content */ = {
			isa = PBXGroup;
			children = (
				6175372E2CB83B77008E5314 /* Preview Assets.xcassets */,
			);
			path = "Preview Content";
			sourceTree = "<group>";
		};
/* End PBXGroup section */

/* Begin PBXNativeTarget section */
		617537232CB83B76008E5314 /* FinFamily */ = {
			isa = PBXNativeTarget;
			buildConfigurationList = 617537322CB83B77008E5314 /* Build configuration list for PBXNativeTarget "FinFamily" */;
			buildPhases = (
				617537202CB83B76008E5314 /* Sources */,
				617537212CB83B76008E5314 /* Frameworks */,
				617537222CB83B76008E5314 /* Resources */,
			);
			buildRules = (
			);
			dependencies = (
			);
			name = FinFamily;
			productName = FinFamily;
			productReference = 617537242CB83B76008E5314 /* FinFamily.app */;
			productType = "com.apple.product-type.application";
		};
/* End PBXNativeTarget section */

/* Begin PBXProject section */
		6175371C2CB83B76008E5314 /* Project object */ = {
			isa = PBXProject;
			attributes = {
				BuildIndependentTargetsInParallel = 1;
				LastSwiftUpdateCheck = 1540;
				LastUpgradeCheck = 1540;
				TargetAttributes = {
					617537232CB83B76008E5314 = {
						CreatedOnToolsVersion = 15.4;
					};
				};
			};
			buildConfigurationList = 6175371F2CB83B76008E5314 /* Build configuration list for PBXProject "FinFamily" */;
			compatibilityVersion = "Xcode 14.0";
			developmentRegion = en;
			hasScannedForEncodings = 0;
			knownRegions = (
				en,
				Base,
			);
			mainGroup = 6175371B2CB83B76008E5314;
			productRefGroup = 617537252CB83B76008E5314 /* Products */;
			projectDirPath = "";
			projectRoot = "";
			targets = (
				617537232CB83B76008E5314 /* FinFamily */,
			);
		};
/* End PBXProject section */

/* Begin PBXResourcesBuildPhase section */
		617537222CB83B76008E5314 /* Resources */ = {
			isa = PBXResourcesBuildPhase;
			buildActionMask = 2147483647;
			files = (
				6175372F2CB83B77008E5314 /* Preview Assets.xcassets in Resources */,
				6175372C2CB83B77008E5314 /* Assets.xcassets in Resources */,
			);
			runOnlyForDeploymentPostprocessing = 0;
		};
/* End PBXResourcesBuildPhase section */

/* Begin PBXSourcesBuildPhase section */
		617537202CB83B76008E5314 /* Sources */ = {
			isa = PBXSourcesBuildPhase;
			buildActionMask = 2147483647;
			files = (
				617537422CB844A4008E5314 /* Individual.swift in Sources */,
				C3074F3F2CBEEE86008B1971 /* Adicionar.swift in Sources */,
				617537482CB84525008E5314 /* Familia.swift in Sources */,
				6175374A2CB84541008E5314 /* Ajustes.swift in Sources */,
				6175373E2CB84458008E5314 /* Tab.swift in Sources */,
				617537442CB844D5008E5314 /* Membros.swift in Sources */,
				616E2AB62CC0565000D60D98 /* ModificarMeta.swift in Sources */,
				86B9B5FE2CC03BA50048D051 /* Resumo.swift in Sources */,
				616E2AB82CC0569000D60D98 /* Notifications.swift in Sources */,
				6175372A2CB83B76008E5314 /* ContentView.swift in Sources */,
				617537502CB85113008E5314 /* Detalhes.swift in Sources */,
				617537282CB83B76008E5314 /* FinFamilyApp.swift in Sources */,
				C3074F412CBEF079008B1971 /* ViewModel.swift in Sources */,
				86B9B5F82CB993EB0048D051 /* Dados.swift in Sources */,
			);
			runOnlyForDeploymentPostprocessing = 0;
		};
/* End PBXSourcesBuildPhase section */

/* Begin XCBuildConfiguration section */
		617537302CB83B77008E5314 /* Debug */ = {
			isa = XCBuildConfiguration;
			buildSettings = {
				ALWAYS_SEARCH_USER_PATHS = NO;
				ASSETCATALOG_COMPILER_GENERATE_SWIFT_ASSET_SYMBOL_EXTENSIONS = YES;
				CLANG_ANALYZER_NONNULL = YES;
				CLANG_ANALYZER_NUMBER_OBJECT_CONVERSION = YES_AGGRESSIVE;
				CLANG_CXX_LANGUAGE_STANDARD = "gnu++20";
				CLANG_ENABLE_MODULES = YES;
				CLANG_ENABLE_OBJC_ARC = YES;
				CLANG_ENABLE_OBJC_WEAK = YES;
				CLANG_WARN_BLOCK_CAPTURE_AUTORELEASING = YES;
				CLANG_WARN_BOOL_CONVERSION = YES;
				CLANG_WARN_COMMA = YES;
				CLANG_WARN_CONSTANT_CONVERSION = YES;
				CLANG_WARN_DEPRECATED_OBJC_IMPLEMENTATIONS = YES;
				CLANG_WARN_DIRECT_OBJC_ISA_USAGE = YES_ERROR;
				CLANG_WARN_DOCUMENTATION_COMMENTS = YES;
				CLANG_WARN_EMPTY_BODY = YES;
				CLANG_WARN_ENUM_CONVERSION = YES;
				CLANG_WARN_INFINITE_RECURSION = YES;
				CLANG_WARN_INT_CONVERSION = YES;
				CLANG_WARN_NON_LITERAL_NULL_CONVERSION = YES;
				CLANG_WARN_OBJC_IMPLICIT_RETAIN_SELF = YES;
				CLANG_WARN_OBJC_LITERAL_CONVERSION = YES;
				CLANG_WARN_OBJC_ROOT_CLASS = YES_ERROR;
				CLANG_WARN_QUOTED_INCLUDE_IN_FRAMEWORK_HEADER = YES;
				CLANG_WARN_RANGE_LOOP_ANALYSIS = YES;
				CLANG_WARN_STRICT_PROTOTYPES = YES;
				CLANG_WARN_SUSPICIOUS_MOVE = YES;
				CLANG_WARN_UNGUARDED_AVAILABILITY = YES_AGGRESSIVE;
				CLANG_WARN_UNREACHABLE_CODE = YES;
				CLANG_WARN__DUPLICATE_METHOD_MATCH = YES;
				COPY_PHASE_STRIP = NO;
				DEBUG_INFORMATION_FORMAT = dwarf;
				ENABLE_STRICT_OBJC_MSGSEND = YES;
				ENABLE_TESTABILITY = YES;
				ENABLE_USER_SCRIPT_SANDBOXING = YES;
				GCC_C_LANGUAGE_STANDARD = gnu17;
				GCC_DYNAMIC_NO_PIC = NO;
				GCC_NO_COMMON_BLOCKS = YES;
				GCC_OPTIMIZATION_LEVEL = 0;
				GCC_PREPROCESSOR_DEFINITIONS = (
					"DEBUG=1",
					"$(inherited)",
				);
				GCC_WARN_64_TO_32_BIT_CONVERSION = YES;
				GCC_WARN_ABOUT_RETURN_TYPE = YES_ERROR;
				GCC_WARN_UNDECLARED_SELECTOR = YES;
				GCC_WARN_UNINITIALIZED_AUTOS = YES_AGGRESSIVE;
				GCC_WARN_UNUSED_FUNCTION = YES;
				GCC_WARN_UNUSED_VARIABLE = YES;
				IPHONEOS_DEPLOYMENT_TARGET = 17.5;
				LOCALIZATION_PREFERS_STRING_CATALOGS = YES;
				MTL_ENABLE_DEBUG_INFO = INCLUDE_SOURCE;
				MTL_FAST_MATH = YES;
				ONLY_ACTIVE_ARCH = YES;
				SDKROOT = iphoneos;
				SWIFT_ACTIVE_COMPILATION_CONDITIONS = "DEBUG $(inherited)";
				SWIFT_OPTIMIZATION_LEVEL = "-Onone";
			};
			name = Debug;
		};
		617537312CB83B77008E5314 /* Release */ = {
			isa = XCBuildConfiguration;
			buildSettings = {
				ALWAYS_SEARCH_USER_PATHS = NO;
				ASSETCATALOG_COMPILER_GENERATE_SWIFT_ASSET_SYMBOL_EXTENSIONS = YES;
				CLANG_ANALYZER_NONNULL = YES;
				CLANG_ANALYZER_NUMBER_OBJECT_CONVERSION = YES_AGGRESSIVE;
				CLANG_CXX_LANGUAGE_STANDARD = "gnu++20";
				CLANG_ENABLE_MODULES = YES;
				CLANG_ENABLE_OBJC_ARC = YES;
				CLANG_ENABLE_OBJC_WEAK = YES;
				CLANG_WARN_BLOCK_CAPTURE_AUTORELEASING = YES;
				CLANG_WARN_BOOL_CONVERSION = YES;
				CLANG_WARN_COMMA = YES;
				CLANG_WARN_CONSTANT_CONVERSION = YES;
				CLANG_WARN_DEPRECATED_OBJC_IMPLEMENTATIONS = YES;
				CLANG_WARN_DIRECT_OBJC_ISA_USAGE = YES_ERROR;
				CLANG_WARN_DOCUMENTATION_COMMENTS = YES;
				CLANG_WARN_EMPTY_BODY = YES;
				CLANG_WARN_ENUM_CONVERSION = YES;
				CLANG_WARN_INFINITE_RECURSION = YES;
				CLANG_WARN_INT_CONVERSION = YES;
				CLANG_WARN_NON_LITERAL_NULL_CONVERSION = YES;
				CLANG_WARN_OBJC_IMPLICIT_RETAIN_SELF = YES;
				CLANG_WARN_OBJC_LITERAL_CONVERSION = YES;
				CLANG_WARN_OBJC_ROOT_CLASS = YES_ERROR;
				CLANG_WARN_QUOTED_INCLUDE_IN_FRAMEWORK_HEADER = YES;
				CLANG_WARN_RANGE_LOOP_ANALYSIS = YES;
				CLANG_WARN_STRICT_PROTOTYPES = YES;
				CLANG_WARN_SUSPICIOUS_MOVE = YES;
				CLANG_WARN_UNGUARDED_AVAILABILITY = YES_AGGRESSIVE;
				CLANG_WARN_UNREACHABLE_CODE = YES;
				CLANG_WARN__DUPLICATE_METHOD_MATCH = YES;
				COPY_PHASE_STRIP = NO;
				DEBUG_INFORMATION_FORMAT = "dwarf-with-dsym";
				ENABLE_NS_ASSERTIONS = NO;
				ENABLE_STRICT_OBJC_MSGSEND = YES;
				ENABLE_USER_SCRIPT_SANDBOXING = YES;
				GCC_C_LANGUAGE_STANDARD = gnu17;
				GCC_NO_COMMON_BLOCKS = YES;
				GCC_WARN_64_TO_32_BIT_CONVERSION = YES;
				GCC_WARN_ABOUT_RETURN_TYPE = YES_ERROR;
				GCC_WARN_UNDECLARED_SELECTOR = YES;
				GCC_WARN_UNINITIALIZED_AUTOS = YES_AGGRESSIVE;
				GCC_WARN_UNUSED_FUNCTION = YES;
				GCC_WARN_UNUSED_VARIABLE = YES;
				IPHONEOS_DEPLOYMENT_TARGET = 17.5;
				LOCALIZATION_PREFERS_STRING_CATALOGS = YES;
				MTL_ENABLE_DEBUG_INFO = NO;
				MTL_FAST_MATH = YES;
				SDKROOT = iphoneos;
				SWIFT_COMPILATION_MODE = wholemodule;
				VALIDATE_PRODUCT = YES;
			};
			name = Release;
		};
		617537332CB83B77008E5314 /* Debug */ = {
			isa = XCBuildConfiguration;
			buildSettings = {
				ASSETCATALOG_COMPILER_APPICON_NAME = AppIcon;
				ASSETCATALOG_COMPILER_GLOBAL_ACCENT_COLOR_NAME = AccentColor;
				CODE_SIGN_STYLE = Automatic;
				CURRENT_PROJECT_VERSION = 1;
				DEVELOPMENT_ASSET_PATHS = "\"FinFamily/Preview Content\"";
				DEVELOPMENT_TEAM = 6745H9AL7W;
				ENABLE_PREVIEWS = YES;
				GENERATE_INFOPLIST_FILE = YES;
				INFOPLIST_KEY_UIApplicationSceneManifest_Generation = YES;
				INFOPLIST_KEY_UIApplicationSupportsIndirectInputEvents = YES;
				INFOPLIST_KEY_UILaunchScreen_Generation = YES;
				INFOPLIST_KEY_UISupportedInterfaceOrientations_iPad = "UIInterfaceOrientationPortrait UIInterfaceOrientationPortraitUpsideDown UIInterfaceOrientationLandscapeLeft UIInterfaceOrientationLandscapeRight";
				INFOPLIST_KEY_UISupportedInterfaceOrientations_iPhone = "UIInterfaceOrientationPortrait UIInterfaceOrientationLandscapeLeft UIInterfaceOrientationLandscapeRight";
				LD_RUNPATH_SEARCH_PATHS = (
					"$(inherited)",
					"@executable_path/Frameworks",
				);
				MARKETING_VERSION = 1.0;
				PRODUCT_BUNDLE_IDENTIFIER = Kenyo.FinFamily;
				PRODUCT_NAME = "$(TARGET_NAME)";
				SWIFT_EMIT_LOC_STRINGS = YES;
				SWIFT_VERSION = 5.0;
				TARGETED_DEVICE_FAMILY = "1,2";
			};
			name = Debug;
		};
		617537342CB83B77008E5314 /* Release */ = {
			isa = XCBuildConfiguration;
			buildSettings = {
				ASSETCATALOG_COMPILER_APPICON_NAME = AppIcon;
				ASSETCATALOG_COMPILER_GLOBAL_ACCENT_COLOR_NAME = AccentColor;
				CODE_SIGN_STYLE = Automatic;
				CURRENT_PROJECT_VERSION = 1;
				DEVELOPMENT_ASSET_PATHS = "\"FinFamily/Preview Content\"";
				DEVELOPMENT_TEAM = 6745H9AL7W;
				ENABLE_PREVIEWS = YES;
				GENERATE_INFOPLIST_FILE = YES;
				INFOPLIST_KEY_UIApplicationSceneManifest_Generation = YES;
				INFOPLIST_KEY_UIApplicationSupportsIndirectInputEvents = YES;
				INFOPLIST_KEY_UILaunchScreen_Generation = YES;
				INFOPLIST_KEY_UISupportedInterfaceOrientations_iPad = "UIInterfaceOrientationPortrait UIInterfaceOrientationPortraitUpsideDown UIInterfaceOrientationLandscapeLeft UIInterfaceOrientationLandscapeRight";
				INFOPLIST_KEY_UISupportedInterfaceOrientations_iPhone = "UIInterfaceOrientationPortrait UIInterfaceOrientationLandscapeLeft UIInterfaceOrientationLandscapeRight";
				LD_RUNPATH_SEARCH_PATHS = (
					"$(inherited)",
					"@executable_path/Frameworks",
				);
				MARKETING_VERSION = 1.0;
				PRODUCT_BUNDLE_IDENTIFIER = Kenyo.FinFamily;
				PRODUCT_NAME = "$(TARGET_NAME)";
				SWIFT_EMIT_LOC_STRINGS = YES;
				SWIFT_VERSION = 5.0;
				TARGETED_DEVICE_FAMILY = "1,2";
			};
			name = Release;
		};
/* End XCBuildConfiguration section */

/* Begin XCConfigurationList section */
		6175371F2CB83B76008E5314 /* Build configuration list for PBXProject "FinFamily" */ = {
			isa = XCConfigurationList;
			buildConfigurations = (
				617537302CB83B77008E5314 /* Debug */,
				617537312CB83B77008E5314 /* Release */,
			);
			defaultConfigurationIsVisible = 0;
			defaultConfigurationName = Release;
		};
		617537322CB83B77008E5314 /* Build configuration list for PBXNativeTarget "FinFamily" */ = {
			isa = XCConfigurationList;
			buildConfigurations = (
				617537332CB83B77008E5314 /* Debug */,
				617537342CB83B77008E5314 /* Release */,
			);
			defaultConfigurationIsVisible = 0;
			defaultConfigurationName = Release;
		};
/* End XCConfigurationList section */
	};
	rootObject = 6175371C2CB83B76008E5314 /* Project object */;
}
